
Microsoft Visual Studio Solution File, Format Version 12.00
# Visual Studio Version 17
VisualStudioVersion = 17.9.34714.143
MinimumVisualStudioVersion = 10.0.40219.1
Project("{FAE04EC0-301F-11D3-BF4B-00C04F79EFBC}") = "WebApiSpeak", "WebApiSpeak.csproj", "{9F9530B3-06B0-4C0A-98B6-08CBAA8E13B8}"
EndProject
Global
	GlobalSection(SolutionConfigurationPlatforms) = preSolution
		Debug|Any CPU = Debug|Any CPU
		Release|Any CPU = Release|Any CPU
	EndGlobalSection
	GlobalSection(ProjectConfigurationPlatforms) = postSolution
		{9F9530B3-06B0-4C0A-98B6-08CBAA8E13B8}.Debug|Any CPU.ActiveCfg = Debug|Any CPU
		{9F9530B3-06B0-4C0A-98B6-08CBAA8E13B8}.Debug|Any CPU.Build.0 = Debug|Any CPU
		{9F9530B3-06B0-4C0A-98B6-08CBAA8E13B8}.Release|Any CPU.ActiveCfg = Release|Any CPU
		{9F9530B3-06B0-4C0A-98B6-08CBAA8E13B8}.Release|Any CPU.Build.0 = Release|Any CPU
	EndGlobalSection
	GlobalSection(SolutionProperties) = preSolution
		HideSolutionNode = FALSE
	EndGlobalSection
	GlobalSection(ExtensibilityGlobals) = postSolution
		SolutionGuid = {E1AB4ACD-9CB4-4DD4-BCDC-0F4D7CEB0CB2}
	EndGlobalSection
EndGlobal
